// !$*UTF8*$!
{
	archiveVersion = 1;
	classes = {
	};
	objectVersion = 50;
	objects = {

/* Begin PBXBuildFile section */
		A6513AF024AADA18007E9AA6 /* AppDelegate.swift in Sources */ = {isa = PBXBuildFile; fileRef = A6513AEF24AADA18007E9AA6 /* AppDelegate.swift */; };
		A6513AF224AADA18007E9AA6 /* SceneDelegate.swift in Sources */ = {isa = PBXBuildFile; fileRef = A6513AF124AADA18007E9AA6 /* SceneDelegate.swift */; };
		A6513AF424AADA18007E9AA6 /* ContentView.swift in Sources */ = {isa = PBXBuildFile; fileRef = A6513AF324AADA18007E9AA6 /* ContentView.swift */; };
		A6513AF624AADA1F007E9AA6 /* Assets.xcassets in Resources */ = {isa = PBXBuildFile; fileRef = A6513AF524AADA1F007E9AA6 /* Assets.xcassets */; };
		A6513AF924AADA1F007E9AA6 /* Preview Assets.xcassets in Resources */ = {isa = PBXBuildFile; fileRef = A6513AF824AADA1F007E9AA6 /* Preview Assets.xcassets */; };
		A6513AFC24AADA1F007E9AA6 /* LaunchScreen.storyboard in Resources */ = {isa = PBXBuildFile; fileRef = A6513AFA24AADA1F007E9AA6 /* LaunchScreen.storyboard */; };
/* End PBXBuildFile section */

/* Begin PBXFileReference section */
		A6513AEC24AADA18007E9AA6 /* gittest1st.app */ = {isa = PBXFileReference; explicitFileType = wrapper.application; includeInIndex = 0; path = gittest1st.app; sourceTree = BUILT_PRODUCTS_DIR; };
		A6513AEF24AADA18007E9AA6 /* AppDelegate.swift */ = {isa = PBXFileReference; lastKnownFileType = sourcecode.swift; path = AppDelegate.swift; sourceTree = "<group>"; };
		A6513AF124AADA18007E9AA6 /* SceneDelegate.swift */ = {isa = PBXFileReference; lastKnownFileType = sourcecode.swift; path = SceneDelegate.swift; sourceTree = "<group>"; };
		A6513AF324AADA18007E9AA6 /* ContentView.swift */ = {isa = PBXFileReference; lastKnownFileType = sourcecode.swift; path = ContentView.swift; sourceTree = "<group>"; };
		A6513AF524AADA1F007E9AA6 /* Assets.xcassets */ = {isa = PBXFileReference; lastKnownFileType = folder.assetcatalog; path = Assets.xcassets; sourceTree = "<group>"; };
		A6513AF824AADA1F007E9AA6 /* Preview Assets.xcassets */ = {isa = PBXFileReference; lastKnownFileType = folder.assetcatalog; path = "Preview Assets.xcassets"; sourceTree = "<group>"; };
		A6513AFB24AADA1F007E9AA6 /* Base */ = {isa = PBXFileReference; lastKnownFileType = file.storyboard; name = Base; path = Base.lproj/LaunchScreen.storyboard; sourceTree = "<group>"; };
		A6513AFD24AADA1F007E9AA6 /* Info.plist */ = {isa = PBXFileReference; lastKnownFileType = text.plist.xml; path = Info.plist; sourceTree = "<group>"; };
/* End PBXFileReference section */

/* Begin PBXFrameworksBuildPhase section */
		A6513AE924AADA18007E9AA6 /* Frameworks */ = {
			isa = PBXFrameworksBuildPhase;
			buildActionMask = 2147483647;
			files = (
			);
			runOnlyForDeploymentPostprocessing = 0;
		};
/* End PBXFrameworksBuildPhase section */

/* Begin PBXGroup section */
		A6513AE324AADA17007E9AA6 = {
			isa = PBXGroup;
			children = (
				A6513AEE24AADA18007E9AA6 /* gittest1st */,
				A6513AED24AADA18007E9AA6 /* Products */,
			);
			sourceTree = "<group>";
		};
		A6513AED24AADA18007E9AA6 /* Products */ = {
			isa = PBXGroup;
			children = (
				A6513AEC24AADA18007E9AA6 /* gittest1st.app */,
			);
			name = Products;
			sourceTree = "<group>";
		};
		A6513AEE24AADA18007E9AA6 /* gittest1st */ = {
			isa = PBXGroup;
			children = (
				A6513AEF24AADA18007E9AA6 /* AppDelegate.swift */,
				A6513AF124AADA18007E9AA6 /* SceneDelegate.swift */,
				A6513AF324AADA18007E9AA6 /* ContentView.swift */,
				A6513AF524AADA1F007E9AA6 /* Assets.xcassets */,
				A6513AFA24AADA1F007E9AA6 /* LaunchScreen.storyboard */,
				A6513AFD24AADA1F007E9AA6 /* Info.plist */,
				A6513AF724AADA1F007E9AA6 /* Preview Content */,
			);
			path = gittest1st;
			sourceTree = "<group>";
		};
		A6513AF724AADA1F007E9AA6 /* Preview Content */ = {
			isa = PBXGroup;
			children = (
				A6513AF824AADA1F007E9AA6 /* Preview Assets.xcassets */,
			);
			path = "Preview Content";
			sourceTree = "<group>";
		};
/* End PBXGroup section */

/* Begin PBXNativeTarget section */
		A6513AEB24AADA18007E9AA6 /* gittest1st */ = {
			isa = PBXNativeTarget;
			buildConfigurationList = A6513B0024AADA1F007E9AA6 /* Build configuration list for PBXNativeTarget "gittest1st" */;
			buildPhases = (
				A6513AE824AADA18007E9AA6 /* Sources */,
				A6513AE924AADA18007E9AA6 /* Frameworks */,
				A6513AEA24AADA18007E9AA6 /* Resources */,
			);
			buildRules = (
			);
			dependencies = (
			);
			name = gittest1st;
			productName = gittest1st;
			productReference = A6513AEC24AADA18007E9AA6 /* gittest1st.app */;
			productType = "com.apple.product-type.application";
		};
/* End PBXNativeTarget section */

/* Begin PBXProject section */
		A6513AE424AADA18007E9AA6 /* Project object */ = {
			isa = PBXProject;
			attributes = {
				LastSwiftUpdateCheck = 1150;
				LastUpgradeCheck = 1150;
				ORGANIZATIONNAME = "枚方津田";
				TargetAttributes = {
					A6513AEB24AADA18007E9AA6 = {
						CreatedOnToolsVersion = 11.5;
					};
				};
			};
			buildConfigurationList = A6513AE724AADA18007E9AA6 /* Build configuration list for PBXProject "gittest1st" */;
			compatibilityVersion = "Xcode 9.3";
			developmentRegion = en;
			hasScannedForEncodings = 0;
			knownRegions = (
				en,
				Base,
			);
			mainGroup = A6513AE324AADA17007E9AA6;
			productRefGroup = A6513AED24AADA18007E9AA6 /* Products */;
			projectDirPath = "";
			projectRoot = "";
			targets = (
				A6513AEB24AADA18007E9AA6 /* gittest1st */,
			);
		};
/* End PBXProject section */

/* Begin PBXResourcesBuildPhase section */
		A6513AEA24AADA18007E9AA6 /* Resources */ = {
			isa = PBXResourcesBuildPhase;
			buildActionMask = 2147483647;
			files = (
				A6513AFC24AADA1F007E9AA6 /* LaunchScreen.storyboard in Resources */,
				A6513AF924AADA1F007E9AA6 /* Preview Assets.xcassets in Resources */,
				A6513AF624AADA1F007E9AA6 /* Assets.xcassets in Resources */,
			);
			runOnlyForDeploymentPostprocessing = 0;
		};
/* End PBXResourcesBuildPhase section */

/* Begin PBXSourcesBuildPhase section */
		A6513AE824AADA18007E9AA6 /* Sources */ = {
			isa = PBXSourcesBuildPhase;
			buildActionMask = 2147483647;
			files = (
				A6513AF024AADA18007E9AA6 /* AppDelegate.swift in Sources */,
				A6513AF224AADA18007E9AA6 /* SceneDelegate.swift in Sources */,
				A6513AF424AADA18007E9AA6 /* ContentView.swift in Sources */,
			);
			runOnlyForDeploymentPostprocessing = 0;
		};
/* End PBXSourcesBuildPhase section */

/* Begin PBXVariantGroup section */
		A6513AFA24AADA1F007E9AA6 /* LaunchScreen.storyboard */ = {
			isa = PBXVariantGroup;
			children = (
				A6513AFB24AADA1F007E9AA6 /* Base */,
			);
			name = LaunchScreen.storyboard;
			sourceTree = "<group>";
		};
/* End PBXVariantGroup section */

/* Begin XCBuildConfiguration section */
		A6513AFE24AADA1F007E9AA6 /* Debug */ = {
			isa = XCBuildConfiguration;
			buildSettings = {
				ALWAYS_SEARCH_USER_PATHS = NO;
				CLANG_ANALYZER_NONNULL = YES;
				CLANG_ANALYZER_NUMBER_OBJECT_CONVERSION = YES_AGGRESSIVE;
				CLANG_CXX_LANGUAGE_STANDARD = "gnu++14";
				CLANG_CXX_LIBRARY = "libc++";
				CLANG_ENABLE_MODULES = YES;
				CLANG_ENABLE_OBJC_ARC = YES;
				CLANG_ENABLE_OBJC_WEAK = YES;
				CLANG_WARN_BLOCK_CAPTURE_AUTORELEASING = YES;
				CLANG_WARN_BOOL_CONVERSION = YES;
				CLANG_WARN_COMMA = YES;
				CLANG_WARN_CONSTANT_CONVERSION = YES;
				CLANG_WARN_DEPRECATED_OBJC_IMPLEMENTATIONS = YES;
				CLANG_WARN_DIRECT_OBJC_ISA_USAGE = YES_ERROR;
				CLANG_WARN_DOCUMENTATION_COMMENTS = YES;
				CLANG_WARN_EMPTY_BODY = YES;
				CLANG_WARN_ENUM_CONVERSION = YES;
				CLANG_WARN_INFINITE_RECURSION = YES;
				CLANG_WARN_INT_CONVERSION = YES;
				CLANG_WARN_NON_LITERAL_NULL_CONVERSION = YES;
				CLANG_WARN_OBJC_IMPLICIT_RETAIN_SELF = YES;
				CLANG_WARN_OBJC_LITERAL_CONVERSION = YES;
				CLANG_WARN_OBJC_ROOT_CLASS = YES_ERROR;
				CLANG_WARN_RANGE_LOOP_ANALYSIS = YES;
				CLANG_WARN_STRICT_PROTOTYPES = YES;
				CLANG_WARN_SUSPICIOUS_MOVE = YES;
				CLANG_WARN_UNGUARDED_AVAILABILITY = YES_AGGRESSIVE;
				CLANG_WARN_UNREACHABLE_CODE = YES;
				CLANG_WARN__DUPLICATE_METHOD_MATCH = YES;
				COPY_PHASE_STRIP = NO;
				DEBUG_INFORMATION_FORMAT = dwarf;
				ENABLE_STRICT_OBJC_MSGSEND = YES;
				ENABLE_TESTABILITY = YES;
				GCC_C_LANGUAGE_STANDARD = gnu11;
				GCC_DYNAMIC_NO_PIC = NO;
				GCC_NO_COMMON_BLOCKS = YES;
				GCC_OPTIMIZATION_LEVEL = 0;
				GCC_PREPROCESSOR_DEFINITIONS = (
					"DEBUG=1",
					"$(inherited)",
				);
				GCC_WARN_64_TO_32_BIT_CONVERSION = YES;
				GCC_WARN_ABOUT_RETURN_TYPE = YES_ERROR;
				GCC_WARN_UNDECLARED_SELECTOR = YES;
				GCC_WARN_UNINITIALIZED_AUTOS = YES_AGGRESSIVE;
				GCC_WARN_UNUSED_FUNCTION = YES;
				GCC_WARN_UNUSED_VARIABLE = YES;
				IPHONEOS_DEPLOYMENT_TARGET = 13.5;
				MTL_ENABLE_DEBUG_INFO = INCLUDE_SOURCE;
				MTL_FAST_MATH = YES;
				ONLY_ACTIVE_ARCH = YES;
				SDKROOT = iphoneos;
				SWIFT_ACTIVE_COMPILATION_CONDITIONS = DEBUG;
				SWIFT_OPTIMIZATION_LEVEL = "-Onone";
			};
			name = Debug;
		};
		A6513AFF24AADA1F007E9AA6 /* Release */ = {
			isa = XCBuildConfiguration;
			buildSettings = {
				ALWAYS_SEARCH_USER_PATHS = NO;
				CLANG_ANALYZER_NONNULL = YES;
				CLANG_ANALYZER_NUMBER_OBJECT_CONVERSION = YES_AGGRESSIVE;
				CLANG_CXX_LANGUAGE_STANDARD = "gnu++14";
				CLANG_CXX_LIBRARY = "libc++";
				CLANG_ENABLE_MODULES = YES;
				CLANG_ENABLE_OBJC_ARC = YES;
				CLANG_ENABLE_OBJC_WEAK = YES;
				CLANG_WARN_BLOCK_CAPTURE_AUTORELEASING = YES;
				CLANG_WARN_BOOL_CONVERSION = YES;
				CLANG_WARN_COMMA = YES;
				CLANG_WARN_CONSTANT_CONVERSION = YES;
				CLANG_WARN_DEPRECATED_OBJC_IMPLEMENTATIONS = YES;
				CLANG_WARN_DIRECT_OBJC_ISA_USAGE = YES_ERROR;
				CLANG_WARN_DOCUMENTATION_COMMENTS = YES;
				CLANG_WARN_EMPTY_BODY = YES;
				CLANG_WARN_ENUM_CONVERSION = YES;
				CLANG_WARN_INFINITE_RECURSION = YES;
				CLANG_WARN_INT_CONVERSION = YES;
				CLANG_WARN_NON_LITERAL_NULL_CONVERSION = YES;
				CLANG_WARN_OBJC_IMPLICIT_RETAIN_SELF = YES;
				CLANG_WARN_OBJC_LITERAL_CONVERSION = YES;
				CLANG_WARN_OBJC_ROOT_CLASS = YES_ERROR;
				CLANG_WARN_RANGE_LOOP_ANALYSIS = YES;
				CLANG_WARN_STRICT_PROTOTYPES = YES;
				CLANG_WARN_SUSPICIOUS_MOVE = YES;
				CLANG_WARN_UNGUARDED_AVAILABILITY = YES_AGGRESSIVE;
				CLANG_WARN_UNREACHABLE_CODE = YES;
				CLANG_WARN__DUPLICATE_METHOD_MATCH = YES;
				COPY_PHASE_STRIP = NO;
				DEBUG_INFORMATION_FORMAT = "dwarf-with-dsym";
				ENABLE_NS_ASSERTIONS = NO;
				ENABLE_STRICT_OBJC_MSGSEND = YES;
				GCC_C_LANGUAGE_STANDARD = gnu11;
				GCC_NO_COMMON_BLOCKS = YES;
				GCC_WARN_64_TO_32_BIT_CONVERSION = YES;
				GCC_WARN_ABOUT_RETURN_TYPE = YES_ERROR;
				GCC_WARN_UNDECLARED_SELECTOR = YES;
				GCC_WARN_UNINITIALIZED_AUTOS = YES_AGGRESSIVE;
				GCC_WARN_UNUSED_FUNCTION = YES;
				GCC_WARN_UNUSED_VARIABLE = YES;
				IPHONEOS_DEPLOYMENT_TARGET = 13.5;
				MTL_ENABLE_DEBUG_INFO = NO;
				MTL_FAST_MATH = YES;
				SDKROOT = iphoneos;
				SWIFT_COMPILATION_MODE = wholemodule;
				SWIFT_OPTIMIZATION_LEVEL = "-O";
				VALIDATE_PRODUCT = YES;
			};
			name = Release;
		};
		A6513B0124AADA1F007E9AA6 /* Debug */ = {
			isa = XCBuildConfiguration;
			buildSettings = {
				ASSETCATALOG_COMPILER_APPICON_NAME = AppIcon;
				CODE_SIGN_STYLE = Automatic;
				DEVELOPMENT_ASSET_PATHS = "\"gittest1st/Preview Content\"";
				ENABLE_PREVIEWS = YES;
				INFOPLIST_FILE = gittest1st/Info.plist;
				LD_RUNPATH_SEARCH_PATHS = (
					"$(inherited)",
					"@executable_path/Frameworks",
				);
				PRODUCT_BUNDLE_IDENTIFIER = "jp.osaka-c.hirakatatsuda.gittest1st";
				PRODUCT_NAME = "$(TARGET_NAME)";
				SWIFT_VERSION = 5.0;
				TARGETED_DEVICE_FAMILY = "1,2";
			};
			name = Debug;
		};
		A6513B0224AADA1F007E9AA6 /* Release */ = {
			isa = XCBuildConfiguration;
			buildSettings = {
				ASSETCATALOG_COMPILER_APPICON_NAME = AppIcon;
				CODE_SIGN_STYLE = Automatic;
				DEVELOPMENT_ASSET_PATHS = "\"gittest1st/Preview Content\"";
				ENABLE_PREVIEWS = YES;
				INFOPLIST_FILE = gittest1st/Info.plist;
				LD_RUNPATH_SEARCH_PATHS = (
					"$(inherited)",
					"@executable_path/Frameworks",
				);
				PRODUCT_BUNDLE_IDENTIFIER = "jp.osaka-c.hirakatatsuda.gittest1st";
				PRODUCT_NAME = "$(TARGET_NAME)";
				SWIFT_VERSION = 5.0;
				TARGETED_DEVICE_FAMILY = "1,2";
			};
			name = Release;
		};
/* End XCBuildConfiguration section */

/* Begin XCConfigurationList section */
		A6513AE724AADA18007E9AA6 /* Build configuration list for PBXProject "gittest1st" */ = {
			isa = XCConfigurationList;
			buildConfigurations = (
				A6513AFE24AADA1F007E9AA6 /* Debug */,
				A6513AFF24AADA1F007E9AA6 /* Release */,
			);
			defaultConfigurationIsVisible = 0;
			defaultConfigurationName = Release;
		};
		A6513B0024AADA1F007E9AA6 /* Build configuration list for PBXNativeTarget "gittest1st" */ = {
			isa = XCConfigurationList;
			buildConfigurations = (
				A6513B0124AADA1F007E9AA6 /* Debug */,
				A6513B0224AADA1F007E9AA6 /* Release */,
			);
			defaultConfigurationIsVisible = 0;
			defaultConfigurationName = Release;
		};
/* End XCConfigurationList section */
	};
	rootObject = A6513AE424AADA18007E9AA6 /* Project object */;
}
